
Microsoft Visual Studio Solution File, Format Version 12.00
# Visual Studio 15
VisualStudioVersion = 15.0.28307.421
MinimumVisualStudioVersion = 10.0.40219.1
Project("{FAE04EC0-301F-11D3-BF4B-00C04F79EFBC}") = "HFUTIEDisplay", "HFUTIEDisplay\HFUTIEDisplay.csproj", "{EA5A39D1-8AF8-4146-87ED-4A6D8A946679}"
EndProject
Global
	GlobalSection(SolutionConfigurationPlatforms) = preSolution
		Debug|Any CPU = Debug|Any CPU
		Release|Any CPU = Release|Any CPU
	EndGlobalSection
	GlobalSection(ProjectConfigurationPlatforms) = postSolution
		{EA5A39D1-8AF8-4146-87ED-4A6D8A946679}.Debug|Any CPU.ActiveCfg = Debug|Any CPU
		{EA5A39D1-8AF8-4146-87ED-4A6D8A946679}.Debug|Any CPU.Build.0 = Debug|Any CPU
		{EA5A39D1-8AF8-4146-87ED-4A6D8A946679}.Release|Any CPU.ActiveCfg = Release|Any CPU
		{EA5A39D1-8AF8-4146-87ED-4A6D8A946679}.Release|Any CPU.Build.0 = Release|Any CPU
	EndGlobalSection
	GlobalSection(SolutionProperties) = preSolution
		HideSolutionNode = FALSE
	EndGlobalSection
	GlobalSection(ExtensibilityGlobals) = postSolution
		SolutionGuid = {E05C0D20-7C5F-483F-A3C2-7263D7831909}
	EndGlobalSection
EndGlobal
